
Microsoft Visual Studio Solution File, Format Version 12.00
# Visual Studio Version 17
VisualStudioVersion = 17.14.36212.18
MinimumVisualStudioVersion = 10.0.40219.1
Project("{FAE04EC0-301F-11D3-BF4B-00C04F79EFBC}") = "Windows", "Windows\Windows.csproj", "{9C532088-F084-42DD-8AFA-E03343A58AE9}"
EndProject
Project("{FAE04EC0-301F-11D3-BF4B-00C04F79EFBC}") = "Repositorios", "Repositorios\Repositorios.csproj", "{A0566FFA-FD84-416D-9FBD-9F9A1F4B0488}"
EndProject
Project("{FAE04EC0-301F-11D3-BF4B-00C04F79EFBC}") = "UtilidadesBiblioteca", "UtilidadesBiblioteca\UtilidadesBiblioteca.csproj", "{8C5E29C6-5D6E-441D-8C66-26E285188A9F}"
EndProject
Project("{FAE04EC0-301F-11D3-BF4B-00C04F79EFBC}") = "Clases", "Clases\Clases.csproj", "{0514E1CF-C42E-4CDA-B614-8FF3970B80F8}"
EndProject
Project("{FAE04EC0-301F-11D3-BF4B-00C04F79EFBC}") = "Consola", "Consola\Consola.csproj", "{8B32A25F-208A-43FC-BC0C-67E254072D66}"
EndProject
Global
	GlobalSection(SolutionConfigurationPlatforms) = preSolution
		Debug|Any CPU = Debug|Any CPU
		Release|Any CPU = Release|Any CPU
	EndGlobalSection
	GlobalSection(ProjectConfigurationPlatforms) = postSolution
		{9C532088-F084-42DD-8AFA-E03343A58AE9}.Debug|Any CPU.ActiveCfg = Debug|Any CPU
		{9C532088-F084-42DD-8AFA-E03343A58AE9}.Debug|Any CPU.Build.0 = Debug|Any CPU
		{9C532088-F084-42DD-8AFA-E03343A58AE9}.Release|Any CPU.ActiveCfg = Release|Any CPU
		{9C532088-F084-42DD-8AFA-E03343A58AE9}.Release|Any CPU.Build.0 = Release|Any CPU
		{A0566FFA-FD84-416D-9FBD-9F9A1F4B0488}.Debug|Any CPU.ActiveCfg = Debug|Any CPU
		{A0566FFA-FD84-416D-9FBD-9F9A1F4B0488}.Debug|Any CPU.Build.0 = Debug|Any CPU
		{A0566FFA-FD84-416D-9FBD-9F9A1F4B0488}.Release|Any CPU.ActiveCfg = Release|Any CPU
		{A0566FFA-FD84-416D-9FBD-9F9A1F4B0488}.Release|Any CPU.Build.0 = Release|Any CPU
		{8C5E29C6-5D6E-441D-8C66-26E285188A9F}.Debug|Any CPU.ActiveCfg = Debug|Any CPU
		{8C5E29C6-5D6E-441D-8C66-26E285188A9F}.Debug|Any CPU.Build.0 = Debug|Any CPU
		{8C5E29C6-5D6E-441D-8C66-26E285188A9F}.Release|Any CPU.ActiveCfg = Release|Any CPU
		{8C5E29C6-5D6E-441D-8C66-26E285188A9F}.Release|Any CPU.Build.0 = Release|Any CPU
		{0514E1CF-C42E-4CDA-B614-8FF3970B80F8}.Debug|Any CPU.ActiveCfg = Debug|Any CPU
		{0514E1CF-C42E-4CDA-B614-8FF3970B80F8}.Debug|Any CPU.Build.0 = Debug|Any CPU
		{0514E1CF-C42E-4CDA-B614-8FF3970B80F8}.Release|Any CPU.ActiveCfg = Release|Any CPU
		{0514E1CF-C42E-4CDA-B614-8FF3970B80F8}.Release|Any CPU.Build.0 = Release|Any CPU
		{8B32A25F-208A-43FC-BC0C-67E254072D66}.Debug|Any CPU.ActiveCfg = Debug|Any CPU
		{8B32A25F-208A-43FC-BC0C-67E254072D66}.Debug|Any CPU.Build.0 = Debug|Any CPU
		{8B32A25F-208A-43FC-BC0C-67E254072D66}.Release|Any CPU.ActiveCfg = Release|Any CPU
		{8B32A25F-208A-43FC-BC0C-67E254072D66}.Release|Any CPU.Build.0 = Release|Any CPU
	EndGlobalSection
	GlobalSection(SolutionProperties) = preSolution
		HideSolutionNode = FALSE
	EndGlobalSection
	GlobalSection(ExtensibilityGlobals) = postSolution
		SolutionGuid = {82AAFE3A-F97F-424C-8441-FEA6B30770A7}
	EndGlobalSection
EndGlobal
